{
  "name": "adam-savard.github.io",
  "version": "1.0.0",
  "lockfileVersion": 2,
  "requires": true,
  "packages": {
    "": {
      "name": "adam-savard.github.io",
      "version": "1.0.0",
      "license": "GPL-3.0-or-later",
      "dependencies": {
        "winbox": "^0.2.1"
      }
    },
    "node_modules/winbox": {
      "version": "0.2.1",
      "resolved": "https://registry.npmjs.org/winbox/-/winbox-0.2.1.tgz",
      "integrity": "sha512-K3PY+y+aWpkCpECGF2TqSi4w+OT+cuJHWbOKBjVerpexmdC6Is5m4y0gZ9rbxU2K+GszE1nH+d2okMAQTG05hg=="
    }
  },
  "dependencies": {
    "winbox": {
      "version": "0.2.1",
      "resolved": "https://registry.npmjs.org/winbox/-/winbox-0.2.1.tgz",
      "integrity": "sha512-K3PY+y+aWpkCpECGF2TqSi4w+OT+cuJHWbOKBjVerpexmdC6Is5m4y0gZ9rbxU2K+GszE1nH+d2okMAQTG05hg=="
    }
  }
}
